// !$*UTF8*$!
{
	archiveVersion = 1;
	classes = {
	};
	objectVersion = 56;
	objects = {

/* Begin PBXBuildFile section */
		C708865F2A949D7800195E64 /* TodoViewController.swift in Sources */ = {isa = PBXBuildFile; fileRef = C708865E2A949D7800195E64 /* TodoViewController.swift */; };
		C70886612A949D8500195E64 /* DoneViewController.swift in Sources */ = {isa = PBXBuildFile; fileRef = C70886602A949D8500195E64 /* DoneViewController.swift */; };
		C728C4C92A95CF30002DF493 /* AddViewController.swift in Sources */ = {isa = PBXBuildFile; fileRef = C728C4C82A95CF30002DF493 /* AddViewController.swift */; };
		C7F44CBD2A94813A00FCE93B /* AppDelegate.swift in Sources */ = {isa = PBXBuildFile; fileRef = C7F44CBC2A94813A00FCE93B /* AppDelegate.swift */; };
		C7F44CBF2A94813A00FCE93B /* SceneDelegate.swift in Sources */ = {isa = PBXBuildFile; fileRef = C7F44CBE2A94813A00FCE93B /* SceneDelegate.swift */; };
		C7F44CC12A94813A00FCE93B /* ViewController.swift in Sources */ = {isa = PBXBuildFile; fileRef = C7F44CC02A94813A00FCE93B /* ViewController.swift */; };
		C7F44CC42A94813A00FCE93B /* Main.storyboard in Resources */ = {isa = PBXBuildFile; fileRef = C7F44CC22A94813A00FCE93B /* Main.storyboard */; };
		C7F44CC62A94813A00FCE93B /* Assets.xcassets in Resources */ = {isa = PBXBuildFile; fileRef = C7F44CC52A94813A00FCE93B /* Assets.xcassets */; };
		C7F44CC92A94813A00FCE93B /* LaunchScreen.storyboard in Resources */ = {isa = PBXBuildFile; fileRef = C7F44CC72A94813A00FCE93B /* LaunchScreen.storyboard */; };
/* End PBXBuildFile section */

/* Begin PBXFileReference section */
		C708865E2A949D7800195E64 /* TodoViewController.swift */ = {isa = PBXFileReference; lastKnownFileType = sourcecode.swift; path = TodoViewController.swift; sourceTree = "<group>"; };
		C70886602A949D8500195E64 /* DoneViewController.swift */ = {isa = PBXFileReference; lastKnownFileType = sourcecode.swift; path = DoneViewController.swift; sourceTree = "<group>"; };
		C728C4C82A95CF30002DF493 /* AddViewController.swift */ = {isa = PBXFileReference; lastKnownFileType = sourcecode.swift; path = AddViewController.swift; sourceTree = "<group>"; };
		C7F44CB92A94813A00FCE93B /* TodoApp-part2.app */ = {isa = PBXFileReference; explicitFileType = wrapper.application; includeInIndex = 0; path = "TodoApp-part2.app"; sourceTree = BUILT_PRODUCTS_DIR; };
		C7F44CBC2A94813A00FCE93B /* AppDelegate.swift */ = {isa = PBXFileReference; lastKnownFileType = sourcecode.swift; path = AppDelegate.swift; sourceTree = "<group>"; };
		C7F44CBE2A94813A00FCE93B /* SceneDelegate.swift */ = {isa = PBXFileReference; lastKnownFileType = sourcecode.swift; path = SceneDelegate.swift; sourceTree = "<group>"; };
		C7F44CC02A94813A00FCE93B /* ViewController.swift */ = {isa = PBXFileReference; lastKnownFileType = sourcecode.swift; path = ViewController.swift; sourceTree = "<group>"; };
		C7F44CC32A94813A00FCE93B /* Base */ = {isa = PBXFileReference; lastKnownFileType = file.storyboard; name = Base; path = Base.lproj/Main.storyboard; sourceTree = "<group>"; };
		C7F44CC52A94813A00FCE93B /* Assets.xcassets */ = {isa = PBXFileReference; lastKnownFileType = folder.assetcatalog; path = Assets.xcassets; sourceTree = "<group>"; };
		C7F44CC82A94813A00FCE93B /* Base */ = {isa = PBXFileReference; lastKnownFileType = file.storyboard; name = Base; path = Base.lproj/LaunchScreen.storyboard; sourceTree = "<group>"; };
		C7F44CCA2A94813A00FCE93B /* Info.plist */ = {isa = PBXFileReference; lastKnownFileType = text.plist.xml; path = Info.plist; sourceTree = "<group>"; };
/* End PBXFileReference section */

/* Begin PBXFrameworksBuildPhase section */
		C7F44CB62A94813A00FCE93B /* Frameworks */ = {
			isa = PBXFrameworksBuildPhase;
			buildActionMask = 2147483647;
			files = (
			);
			runOnlyForDeploymentPostprocessing = 0;
		};
/* End PBXFrameworksBuildPhase section */

/* Begin PBXGroup section */
		C75BCA902AA0946900EE71AC /* Controller */ = {
			isa = PBXGroup;
			children = (
				C7F44CC02A94813A00FCE93B /* ViewController.swift */,
				C708865E2A949D7800195E64 /* TodoViewController.swift */,
				C728C4C82A95CF30002DF493 /* AddViewController.swift */,
				C70886602A949D8500195E64 /* DoneViewController.swift */,
			);
			path = Controller;
			sourceTree = "<group>";
		};
		C7F44CB02A94813900FCE93B = {
			isa = PBXGroup;
			children = (
				C7F44CBB2A94813A00FCE93B /* TodoApp-part2 */,
				C7F44CBA2A94813A00FCE93B /* Products */,
			);
			sourceTree = "<group>";
		};
		C7F44CBA2A94813A00FCE93B /* Products */ = {
			isa = PBXGroup;
			children = (
				C7F44CB92A94813A00FCE93B /* TodoApp-part2.app */,
			);
			name = Products;
			sourceTree = "<group>";
		};
		C7F44CBB2A94813A00FCE93B /* TodoApp-part2 */ = {
			isa = PBXGroup;
			children = (
				C75BCA902AA0946900EE71AC /* Controller */,
				C7F44CBC2A94813A00FCE93B /* AppDelegate.swift */,
				C7F44CBE2A94813A00FCE93B /* SceneDelegate.swift */,
				C7F44CC22A94813A00FCE93B /* Main.storyboard */,
				C7F44CC52A94813A00FCE93B /* Assets.xcassets */,
				C7F44CC72A94813A00FCE93B /* LaunchScreen.storyboard */,
				C7F44CCA2A94813A00FCE93B /* Info.plist */,
			);
			path = "TodoApp-part2";
			sourceTree = "<group>";
		};
/* End PBXGroup section */

/* Begin PBXNativeTarget section */
		C7F44CB82A94813A00FCE93B /* TodoApp-part2 */ = {
			isa = PBXNativeTarget;
			buildConfigurationList = C7F44CCD2A94813A00FCE93B /* Build configuration list for PBXNativeTarget "TodoApp-part2" */;
			buildPhases = (
				C7F44CB52A94813A00FCE93B /* Sources */,
				C7F44CB62A94813A00FCE93B /* Frameworks */,
				C7F44CB72A94813A00FCE93B /* Resources */,
			);
			buildRules = (
			);
			dependencies = (
			);
			name = "TodoApp-part2";
			productName = "TodoApp-part2";
			productReference = C7F44CB92A94813A00FCE93B /* TodoApp-part2.app */;
			productType = "com.apple.product-type.application";
		};
/* End PBXNativeTarget section */

/* Begin PBXProject section */
		C7F44CB12A94813A00FCE93B /* Project object */ = {
			isa = PBXProject;
			attributes = {
				BuildIndependentTargetsInParallel = 1;
				LastSwiftUpdateCheck = 1430;
				LastUpgradeCheck = 1430;
				TargetAttributes = {
					C7F44CB82A94813A00FCE93B = {
						CreatedOnToolsVersion = 14.3.1;
					};
				};
			};
			buildConfigurationList = C7F44CB42A94813A00FCE93B /* Build configuration list for PBXProject "TodoApp-part2" */;
			compatibilityVersion = "Xcode 14.0";
			developmentRegion = en;
			hasScannedForEncodings = 0;
			knownRegions = (
				en,
				Base,
			);
			mainGroup = C7F44CB02A94813900FCE93B;
			productRefGroup = C7F44CBA2A94813A00FCE93B /* Products */;
			projectDirPath = "";
			projectRoot = "";
			targets = (
				C7F44CB82A94813A00FCE93B /* TodoApp-part2 */,
			);
		};
/* End PBXProject section */

/* Begin PBXResourcesBuildPhase section */
		C7F44CB72A94813A00FCE93B /* Resources */ = {
			isa = PBXResourcesBuildPhase;
			buildActionMask = 2147483647;
			files = (
				C7F44CC92A94813A00FCE93B /* LaunchScreen.storyboard in Resources */,
				C7F44CC62A94813A00FCE93B /* Assets.xcassets in Resources */,
				C7F44CC42A94813A00FCE93B /* Main.storyboard in Resources */,
			);
			runOnlyForDeploymentPostprocessing = 0;
		};
/* End PBXResourcesBuildPhase section */

/* Begin PBXSourcesBuildPhase section */
		C7F44CB52A94813A00FCE93B /* Sources */ = {
			isa = PBXSourcesBuildPhase;
			buildActionMask = 2147483647;
			files = (
				C708865F2A949D7800195E64 /* TodoViewController.swift in Sources */,
				C70886612A949D8500195E64 /* DoneViewController.swift in Sources */,
				C7F44CC12A94813A00FCE93B /* ViewController.swift in Sources */,
				C728C4C92A95CF30002DF493 /* AddViewController.swift in Sources */,
				C7F44CBD2A94813A00FCE93B /* AppDelegate.swift in Sources */,
				C7F44CBF2A94813A00FCE93B /* SceneDelegate.swift in Sources */,
			);
			runOnlyForDeploymentPostprocessing = 0;
		};
/* End PBXSourcesBuildPhase section */

/* Begin PBXVariantGroup section */
		C7F44CC22A94813A00FCE93B /* Main.storyboard */ = {
			isa = PBXVariantGroup;
			children = (
				C7F44CC32A94813A00FCE93B /* Base */,
			);
			name = Main.storyboard;
			sourceTree = "<group>";
		};
		C7F44CC72A94813A00FCE93B /* LaunchScreen.storyboard */ = {
			isa = PBXVariantGroup;
			children = (
				C7F44CC82A94813A00FCE93B /* Base */,
			);
			name = LaunchScreen.storyboard;
			sourceTree = "<group>";
		};
/* End PBXVariantGroup section */

/* Begin XCBuildConfiguration section */
		C7F44CCB2A94813A00FCE93B /* Debug */ = {
			isa = XCBuildConfiguration;
			buildSettings = {
				ALWAYS_SEARCH_USER_PATHS = NO;
				CLANG_ANALYZER_NONNULL = YES;
				CLANG_ANALYZER_NUMBER_OBJECT_CONVERSION = YES_AGGRESSIVE;
				CLANG_CXX_LANGUAGE_STANDARD = "gnu++20";
				CLANG_ENABLE_MODULES = YES;
				CLANG_ENABLE_OBJC_ARC = YES;
				CLANG_ENABLE_OBJC_WEAK = YES;
				CLANG_WARN_BLOCK_CAPTURE_AUTORELEASING = YES;
				CLANG_WARN_BOOL_CONVERSION = YES;
				CLANG_WARN_COMMA = YES;
				CLANG_WARN_CONSTANT_CONVERSION = YES;
				CLANG_WARN_DEPRECATED_OBJC_IMPLEMENTATIONS = YES;
				CLANG_WARN_DIRECT_OBJC_ISA_USAGE = YES_ERROR;
				CLANG_WARN_DOCUMENTATION_COMMENTS = YES;
				CLANG_WARN_EMPTY_BODY = YES;
				CLANG_WARN_ENUM_CONVERSION = YES;
				CLANG_WARN_INFINITE_RECURSION = YES;
				CLANG_WARN_INT_CONVERSION = YES;
				CLANG_WARN_NON_LITERAL_NULL_CONVERSION = YES;
				CLANG_WARN_OBJC_IMPLICIT_RETAIN_SELF = YES;
				CLANG_WARN_OBJC_LITERAL_CONVERSION = YES;
				CLANG_WARN_OBJC_ROOT_CLASS = YES_ERROR;
				CLANG_WARN_QUOTED_INCLUDE_IN_FRAMEWORK_HEADER = YES;
				CLANG_WARN_RANGE_LOOP_ANALYSIS = YES;
				CLANG_WARN_STRICT_PROTOTYPES = YES;
				CLANG_WARN_SUSPICIOUS_MOVE = YES;
				CLANG_WARN_UNGUARDED_AVAILABILITY = YES_AGGRESSIVE;
				CLANG_WARN_UNREACHABLE_CODE = YES;
				CLANG_WARN__DUPLICATE_METHOD_MATCH = YES;
				COPY_PHASE_STRIP = NO;
				DEBUG_INFORMATION_FORMAT = dwarf;
				ENABLE_STRICT_OBJC_MSGSEND = YES;
				ENABLE_TESTABILITY = YES;
				GCC_C_LANGUAGE_STANDARD = gnu11;
				GCC_DYNAMIC_NO_PIC = NO;
				GCC_NO_COMMON_BLOCKS = YES;
				GCC_OPTIMIZATION_LEVEL = 0;
				GCC_PREPROCESSOR_DEFINITIONS = (
					"DEBUG=1",
					"$(inherited)",
				);
				GCC_WARN_64_TO_32_BIT_CONVERSION = YES;
				GCC_WARN_ABOUT_RETURN_TYPE = YES_ERROR;
				GCC_WARN_UNDECLARED_SELECTOR = YES;
				GCC_WARN_UNINITIALIZED_AUTOS = YES_AGGRESSIVE;
				GCC_WARN_UNUSED_FUNCTION = YES;
				GCC_WARN_UNUSED_VARIABLE = YES;
				IPHONEOS_DEPLOYMENT_TARGET = 16.4;
				MTL_ENABLE_DEBUG_INFO = INCLUDE_SOURCE;
				MTL_FAST_MATH = YES;
				ONLY_ACTIVE_ARCH = YES;
				SDKROOT = iphoneos;
				SWIFT_ACTIVE_COMPILATION_CONDITIONS = DEBUG;
				SWIFT_OPTIMIZATION_LEVEL = "-Onone";
			};
			name = Debug;
		};
		C7F44CCC2A94813A00FCE93B /* Release */ = {
			isa = XCBuildConfiguration;
			buildSettings = {
				ALWAYS_SEARCH_USER_PATHS = NO;
				CLANG_ANALYZER_NONNULL = YES;
				CLANG_ANALYZER_NUMBER_OBJECT_CONVERSION = YES_AGGRESSIVE;
				CLANG_CXX_LANGUAGE_STANDARD = "gnu++20";
				CLANG_ENABLE_MODULES = YES;
				CLANG_ENABLE_OBJC_ARC = YES;
				CLANG_ENABLE_OBJC_WEAK = YES;
				CLANG_WARN_BLOCK_CAPTURE_AUTORELEASING = YES;
				CLANG_WARN_BOOL_CONVERSION = YES;
				CLANG_WARN_COMMA = YES;
				CLANG_WARN_CONSTANT_CONVERSION = YES;
				CLANG_WARN_DEPRECATED_OBJC_IMPLEMENTATIONS = YES;
				CLANG_WARN_DIRECT_OBJC_ISA_USAGE = YES_ERROR;
				CLANG_WARN_DOCUMENTATION_COMMENTS = YES;
				CLANG_WARN_EMPTY_BODY = YES;
				CLANG_WARN_ENUM_CONVERSION = YES;
				CLANG_WARN_INFINITE_RECURSION = YES;
				CLANG_WARN_INT_CONVERSION = YES;
				CLANG_WARN_NON_LITERAL_NULL_CONVERSION = YES;
				CLANG_WARN_OBJC_IMPLICIT_RETAIN_SELF = YES;
				CLANG_WARN_OBJC_LITERAL_CONVERSION = YES;
				CLANG_WARN_OBJC_ROOT_CLASS = YES_ERROR;
				CLANG_WARN_QUOTED_INCLUDE_IN_FRAMEWORK_HEADER = YES;
				CLANG_WARN_RANGE_LOOP_ANALYSIS = YES;
				CLANG_WARN_STRICT_PROTOTYPES = YES;
				CLANG_WARN_SUSPICIOUS_MOVE = YES;
				CLANG_WARN_UNGUARDED_AVAILABILITY = YES_AGGRESSIVE;
				CLANG_WARN_UNREACHABLE_CODE = YES;
				CLANG_WARN__DUPLICATE_METHOD_MATCH = YES;
				COPY_PHASE_STRIP = NO;
				DEBUG_INFORMATION_FORMAT = "dwarf-with-dsym";
				ENABLE_NS_ASSERTIONS = NO;
				ENABLE_STRICT_OBJC_MSGSEND = YES;
				GCC_C_LANGUAGE_STANDARD = gnu11;
				GCC_NO_COMMON_BLOCKS = YES;
				GCC_WARN_64_TO_32_BIT_CONVERSION = YES;
				GCC_WARN_ABOUT_RETURN_TYPE = YES_ERROR;
				GCC_WARN_UNDECLARED_SELECTOR = YES;
				GCC_WARN_UNINITIALIZED_AUTOS = YES_AGGRESSIVE;
				GCC_WARN_UNUSED_FUNCTION = YES;
				GCC_WARN_UNUSED_VARIABLE = YES;
				IPHONEOS_DEPLOYMENT_TARGET = 16.4;
				MTL_ENABLE_DEBUG_INFO = NO;
				MTL_FAST_MATH = YES;
				SDKROOT = iphoneos;
				SWIFT_COMPILATION_MODE = wholemodule;
				SWIFT_OPTIMIZATION_LEVEL = "-O";
				VALIDATE_PRODUCT = YES;
			};
			name = Release;
		};
		C7F44CCE2A94813A00FCE93B /* Debug */ = {
			isa = XCBuildConfiguration;
			buildSettings = {
				ASSETCATALOG_COMPILER_APPICON_NAME = AppIcon;
				ASSETCATALOG_COMPILER_GLOBAL_ACCENT_COLOR_NAME = AccentColor;
				CODE_SIGN_STYLE = Automatic;
				CURRENT_PROJECT_VERSION = 1;
				DEVELOPMENT_TEAM = 5699G5953N;
				GENERATE_INFOPLIST_FILE = YES;
				INFOPLIST_FILE = "TodoApp-part2/Info.plist";
				INFOPLIST_KEY_UIApplicationSupportsIndirectInputEvents = YES;
				INFOPLIST_KEY_UILaunchStoryboardName = LaunchScreen;
				INFOPLIST_KEY_UIMainStoryboardFile = Main;
				INFOPLIST_KEY_UISupportedInterfaceOrientations_iPad = "UIInterfaceOrientationPortrait UIInterfaceOrientationPortraitUpsideDown UIInterfaceOrientationLandscapeLeft UIInterfaceOrientationLandscapeRight";
				INFOPLIST_KEY_UISupportedInterfaceOrientations_iPhone = "UIInterfaceOrientationPortrait UIInterfaceOrientationLandscapeLeft UIInterfaceOrientationLandscapeRight";
				LD_RUNPATH_SEARCH_PATHS = (
					"$(inherited)",
					"@executable_path/Frameworks",
				);
				MARKETING_VERSION = 1.0;
				PRODUCT_BUNDLE_IDENTIFIER = "seongjun.TodoApp-part2";
				PRODUCT_NAME = "$(TARGET_NAME)";
				SWIFT_EMIT_LOC_STRINGS = YES;
				SWIFT_VERSION = 5.0;
				TARGETED_DEVICE_FAMILY = "1,2";
			};
			name = Debug;
		};
		C7F44CCF2A94813A00FCE93B /* Release */ = {
			isa = XCBuildConfiguration;
			buildSettings = {
				ASSETCATALOG_COMPILER_APPICON_NAME = AppIcon;
				ASSETCATALOG_COMPILER_GLOBAL_ACCENT_COLOR_NAME = AccentColor;
				CODE_SIGN_STYLE = Automatic;
				CURRENT_PROJECT_VERSION = 1;
				DEVELOPMENT_TEAM = 5699G5953N;
				GENERATE_INFOPLIST_FILE = YES;
				INFOPLIST_FILE = "TodoApp-part2/Info.plist";
				INFOPLIST_KEY_UIApplicationSupportsIndirectInputEvents = YES;
				INFOPLIST_KEY_UILaunchStoryboardName = LaunchScreen;
				INFOPLIST_KEY_UIMainStoryboardFile = Main;
				INFOPLIST_KEY_UISupportedInterfaceOrientations_iPad = "UIInterfaceOrientationPortrait UIInterfaceOrientationPortraitUpsideDown UIInterfaceOrientationLandscapeLeft UIInterfaceOrientationLandscapeRight";
				INFOPLIST_KEY_UISupportedInterfaceOrientations_iPhone = "UIInterfaceOrientationPortrait UIInterfaceOrientationLandscapeLeft UIInterfaceOrientationLandscapeRight";
				LD_RUNPATH_SEARCH_PATHS = (
					"$(inherited)",
					"@executable_path/Frameworks",
				);
				MARKETING_VERSION = 1.0;
				PRODUCT_BUNDLE_IDENTIFIER = "seongjun.TodoApp-part2";
				PRODUCT_NAME = "$(TARGET_NAME)";
				SWIFT_EMIT_LOC_STRINGS = YES;
				SWIFT_VERSION = 5.0;
				TARGETED_DEVICE_FAMILY = "1,2";
			};
			name = Release;
		};
/* End XCBuildConfiguration section */

/* Begin XCConfigurationList section */
		C7F44CB42A94813A00FCE93B /* Build configuration list for PBXProject "TodoApp-part2" */ = {
			isa = XCConfigurationList;
			buildConfigurations = (
				C7F44CCB2A94813A00FCE93B /* Debug */,
				C7F44CCC2A94813A00FCE93B /* Release */,
			);
			defaultConfigurationIsVisible = 0;
			defaultConfigurationName = Release;
		};
		C7F44CCD2A94813A00FCE93B /* Build configuration list for PBXNativeTarget "TodoApp-part2" */ = {
			isa = XCConfigurationList;
			buildConfigurations = (
				C7F44CCE2A94813A00FCE93B /* Debug */,
				C7F44CCF2A94813A00FCE93B /* Release */,
			);
			defaultConfigurationIsVisible = 0;
			defaultConfigurationName = Release;
		};
/* End XCConfigurationList section */
	};
	rootObject = C7F44CB12A94813A00FCE93B /* Project object */;
}
